
Microsoft Visual Studio Solution File, Format Version 12.00
# Visual Studio Version 17
VisualStudioVersion = 17.0.32014.148
MinimumVisualStudioVersion = 10.0.40219.1
Project("{FAE04EC0-301F-11D3-BF4B-00C04F79EFBC}") = "TodoApi", "TodoApi\TodoApi.csproj", "{A180A8DE-77A3-4EAB-AC5D-6614F7622B5E}"
EndProject
Global
	GlobalSection(SolutionConfigurationPlatforms) = preSolution
		Debug|Any CPU = Debug|Any CPU
		Release|Any CPU = Release|Any CPU
	EndGlobalSection
	GlobalSection(ProjectConfigurationPlatforms) = postSolution
		{A180A8DE-77A3-4EAB-AC5D-6614F7622B5E}.Debug|Any CPU.ActiveCfg = Debug|Any CPU
		{A180A8DE-77A3-4EAB-AC5D-6614F7622B5E}.Debug|Any CPU.Build.0 = Debug|Any CPU
		{A180A8DE-77A3-4EAB-AC5D-6614F7622B5E}.Release|Any CPU.ActiveCfg = Release|Any CPU
		{A180A8DE-77A3-4EAB-AC5D-6614F7622B5E}.Release|Any CPU.Build.0 = Release|Any CPU
	EndGlobalSection
	GlobalSection(SolutionProperties) = preSolution
		HideSolutionNode = FALSE
	EndGlobalSection
	GlobalSection(ExtensibilityGlobals) = postSolution
		SolutionGuid = {B179888E-E1FB-4DC8-8100-4CAFB99BC93A}
	EndGlobalSection
EndGlobal
