
Microsoft Visual Studio Solution File, Format Version 12.00
# Visual Studio Version 17
VisualStudioVersion = 17.0.32014.148
MinimumVisualStudioVersion = 10.0.40219.1
Project("{FAE04EC0-301F-11D3-BF4B-00C04F79EFBC}") = "EmployeeManagementPortal.Server", "EmployeeManagementPortal\Server\EmployeeManagementPortal.Server.csproj", "{2E23F793-1856-4B84-A47D-559126BDB9BD}"
EndProject
Project("{FAE04EC0-301F-11D3-BF4B-00C04F79EFBC}") = "EmployeeManagementPortal.Client", "EmployeeManagementPortal\Client\EmployeeManagementPortal.Client.csproj", "{661EDE9B-27F6-402F-BD6D-46974DE04E62}"
EndProject
Project("{FAE04EC0-301F-11D3-BF4B-00C04F79EFBC}") = "EmployeeManagementPortal.Shared", "EmployeeManagementPortal\Shared\EmployeeManagementPortal.Shared.csproj", "{260D504A-776C-4A6E-892B-F004875CF5AD}"
EndProject
Global
	GlobalSection(SolutionConfigurationPlatforms) = preSolution
		Debug|Any CPU = Debug|Any CPU
		Release|Any CPU = Release|Any CPU
	EndGlobalSection
	GlobalSection(ProjectConfigurationPlatforms) = postSolution
		{2E23F793-1856-4B84-A47D-559126BDB9BD}.Debug|Any CPU.ActiveCfg = Debug|Any CPU
		{2E23F793-1856-4B84-A47D-559126BDB9BD}.Debug|Any CPU.Build.0 = Debug|Any CPU
		{2E23F793-1856-4B84-A47D-559126BDB9BD}.Release|Any CPU.ActiveCfg = Release|Any CPU
		{2E23F793-1856-4B84-A47D-559126BDB9BD}.Release|Any CPU.Build.0 = Release|Any CPU
		{661EDE9B-27F6-402F-BD6D-46974DE04E62}.Debug|Any CPU.ActiveCfg = Debug|Any CPU
		{661EDE9B-27F6-402F-BD6D-46974DE04E62}.Debug|Any CPU.Build.0 = Debug|Any CPU
		{661EDE9B-27F6-402F-BD6D-46974DE04E62}.Release|Any CPU.ActiveCfg = Release|Any CPU
		{661EDE9B-27F6-402F-BD6D-46974DE04E62}.Release|Any CPU.Build.0 = Release|Any CPU
		{260D504A-776C-4A6E-892B-F004875CF5AD}.Debug|Any CPU.ActiveCfg = Debug|Any CPU
		{260D504A-776C-4A6E-892B-F004875CF5AD}.Debug|Any CPU.Build.0 = Debug|Any CPU
		{260D504A-776C-4A6E-892B-F004875CF5AD}.Release|Any CPU.ActiveCfg = Release|Any CPU
		{260D504A-776C-4A6E-892B-F004875CF5AD}.Release|Any CPU.Build.0 = Release|Any CPU
	EndGlobalSection
	GlobalSection(SolutionProperties) = preSolution
		HideSolutionNode = FALSE
	EndGlobalSection
	GlobalSection(ExtensibilityGlobals) = postSolution
		SolutionGuid = {C8E0D10A-A24E-4B31-BFF6-7F3F15B58A32}
	EndGlobalSection
EndGlobal
